github.com/astaxie/goredis v0.0.0-20160824151742-1f1c6e6fc3a8 h1:XN8UQV0Zro09FeYjkwEdGTmP+QFXfc95EDXKRxhOUAs=
github.com/astaxie/goredis v0.0.0-20160824151742-1f1c6e6fc3a8/go.mod h1:i0oI4E/DxCwoJG6iblWnjgLaTrbSEOtUxLtcZA6i7ac=
github.com/gorilla/mux v1.7.3 h1:gnP5JzjVOuiZD07fKKToCAOjS0yOpj/qPETTXCCS6hw=
github.com/gorilla/mux v1.7.3/go.mod h1:1lud6UwP+6orDFRuTfBEV8e9/aOM/c4fVVCaMa2zaAs=
github.com/justinas/alice v1.2.0 h1:+MHSA/vccVCF4Uq37S42jwlkvI2Xzl7zTPCN5BnZNVo=
github.com/justinas/alice v1.2.0/go.mod h1:fN5HRH/reO/zrUflLfTN43t3vXvKzvZIENsNEe7i7qA=
github.com/speps/go-hashids v2.0.0+incompatible h1:kSfxGfESueJKTx0mpER9Y/1XHl+FVQjtCqRyYcviFbw=
github.com/speps/go-hashids v2.0.0+incompatible/go.mod h1:P7hqPzMdnZOfyIk+xrlG1QaSMw+gCBdHKsBDnhpaZvc=
github.com/xuyu/goredis v0.0.0-20160929021245-89fbe9474b37 h1:xrMQUnipugHaopud+BS+tGITJvhc4lTf3b4vCzkF/no=
github.com/xuyu/goredis v0.0.0-20160929021245-89fbe9474b37/go.mod h1:Ew+jSwVYyBT+GrKWGzlld2VGZqUy5cgGQATzqHpqGvg=
gopkg.in/ini.v1 v1.50.0 h1:c/4YI/GUgB7d2yOkxdsQyYDhW67nWrTl6Zyd9vagYmg=
gopkg.in/ini.v1 v1.50.0/go.mod h1:pNLf8WUiyNEtQjuu5G5vTm06TEv9tsIgeAvK8hOrP4k=
gopkg.in/validator.v2 v2.0.0-20191029180049-30e574a82075 h1:ZkdLG20PbbXJaM0hn3WOp6PDUEyai71k/0lK8XR8UY4=
gopkg.in/validator.v2 v2.0.0-20191029180049-30e574a82075/go.mod h1:o4V0GXN9/CAmCsvJ0oXYZvrZOe7syiDZSN1GWGZTGzc=
